
Microsoft Visual Studio Solution File, Format Version 12.00
# Visual Studio Version 16
VisualStudioVersion = 16.0.30204.135
MinimumVisualStudioVersion = 10.0.40219.1
Project("{FAE04EC0-301F-11D3-BF4B-00C04F79EFBC}") = "BadBrokerTest", "BadBrokerTest\BadBrokerTest.csproj", "{E563328A-076E-4891-A087-09082E5F7DDD}"
EndProject
Global
	GlobalSection(SolutionConfigurationPlatforms) = preSolution
		Debug|Any CPU = Debug|Any CPU
		Release|Any CPU = Release|Any CPU
	EndGlobalSection
	GlobalSection(ProjectConfigurationPlatforms) = postSolution
		{E563328A-076E-4891-A087-09082E5F7DDD}.Debug|Any CPU.ActiveCfg = Debug|Any CPU
		{E563328A-076E-4891-A087-09082E5F7DDD}.Debug|Any CPU.Build.0 = Debug|Any CPU
		{E563328A-076E-4891-A087-09082E5F7DDD}.Release|Any CPU.ActiveCfg = Release|Any CPU
		{E563328A-076E-4891-A087-09082E5F7DDD}.Release|Any CPU.Build.0 = Release|Any CPU
	EndGlobalSection
	GlobalSection(SolutionProperties) = preSolution
		HideSolutionNode = FALSE
	EndGlobalSection
	GlobalSection(ExtensibilityGlobals) = postSolution
		SolutionGuid = {EB948D64-A356-4D35-B9F7-F2D600AA8D25}
	EndGlobalSection
EndGlobal
